// !$*UTF8*$!
{
	archiveVersion = 1;
	classes = {
	};
	objectVersion = 46;
	objects = {

/* Begin PBXBuildFile section */
		18F5EA6D1D40A6E700D134FD /* main.m in Sources */ = {isa = PBXBuildFile; fileRef = 18F5EA6C1D40A6E700D134FD /* main.m */; };
		18F5EA701D40A6E700D134FD /* AppDelegate.m in Sources */ = {isa = PBXBuildFile; fileRef = 18F5EA6F1D40A6E700D134FD /* AppDelegate.m */; };
		18F5EA731D40A6E700D134FD /* ViewController.m in Sources */ = {isa = PBXBuildFile; fileRef = 18F5EA721D40A6E700D134FD /* ViewController.m */; };
		18F5EA761D40A6E700D134FD /* Main.storyboard in Resources */ = {isa = PBXBuildFile; fileRef = 18F5EA741D40A6E700D134FD /* Main.storyboard */; };
		18F5EA781D40A6E700D134FD /* Assets.xcassets in Resources */ = {isa = PBXBuildFile; fileRef = 18F5EA771D40A6E700D134FD /* Assets.xcassets */; };
		18F5EA7B1D40A6E700D134FD /* LaunchScreen.storyboard in Resources */ = {isa = PBXBuildFile; fileRef = 18F5EA791D40A6E700D134FD /* LaunchScreen.storyboard */; };
		18F5EA861D40A6E700D134FD /* PayPasswordTests.m in Sources */ = {isa = PBXBuildFile; fileRef = 18F5EA851D40A6E700D134FD /* PayPasswordTests.m */; };
		18F5EA911D40A6E700D134FD /* PayPasswordUITests.m in Sources */ = {isa = PBXBuildFile; fileRef = 18F5EA901D40A6E700D134FD /* PayPasswordUITests.m */; };
		18F5EAA61D40A70000D134FD /* GalenPasswordView.m in Sources */ = {isa = PBXBuildFile; fileRef = 18F5EAA01D40A70000D134FD /* GalenPasswordView.m */; };
		18F5EAA71D40A70000D134FD /* GalenPayPasswordView.m in Sources */ = {isa = PBXBuildFile; fileRef = 18F5EAA21D40A70000D134FD /* GalenPayPasswordView.m */; };
		18F5EAA81D40A70000D134FD /* GalneProgressView.m in Sources */ = {isa = PBXBuildFile; fileRef = 18F5EAA41D40A70000D134FD /* GalneProgressView.m */; };
		18F5EAA91D40A70000D134FD /* trade.bundle in Resources */ = {isa = PBXBuildFile; fileRef = 18F5EAA51D40A70000D134FD /* trade.bundle */; };
		D29707BE1DEEA2FB004FE313 /* show.gif in Resources */ = {isa = PBXBuildFile; fileRef = D29707BD1DEEA2FB004FE313 /* show.gif */; };
/* End PBXBuildFile section */

/* Begin PBXContainerItemProxy section */
		18F5EA821D40A6E700D134FD /* PBXContainerItemProxy */ = {
			isa = PBXContainerItemProxy;
			containerPortal = 18F5EA601D40A6E700D134FD /* Project object */;
			proxyType = 1;
			remoteGlobalIDString = 18F5EA671D40A6E700D134FD;
			remoteInfo = PayPassword;
		};
		18F5EA8D1D40A6E700D134FD /* PBXContainerItemProxy */ = {
			isa = PBXContainerItemProxy;
			containerPortal = 18F5EA601D40A6E700D134FD /* Project object */;
			proxyType = 1;
			remoteGlobalIDString = 18F5EA671D40A6E700D134FD;
			remoteInfo = PayPassword;
		};
/* End PBXContainerItemProxy section */

/* Begin PBXFileReference section */
		18F5EA681D40A6E700D134FD /* PayPassword.app */ = {isa = PBXFileReference; explicitFileType = wrapper.application; includeInIndex = 0; path = PayPassword.app; sourceTree = BUILT_PRODUCTS_DIR; };
		18F5EA6C1D40A6E700D134FD /* main.m */ = {isa = PBXFileReference; lastKnownFileType = sourcecode.c.objc; path = main.m; sourceTree = "<group>"; };
		18F5EA6E1D40A6E700D134FD /* AppDelegate.h */ = {isa = PBXFileReference; lastKnownFileType = sourcecode.c.h; path = AppDelegate.h; sourceTree = "<group>"; };
		18F5EA6F1D40A6E700D134FD /* AppDelegate.m */ = {isa = PBXFileReference; lastKnownFileType = sourcecode.c.objc; path = AppDelegate.m; sourceTree = "<group>"; };
		18F5EA711D40A6E700D134FD /* ViewController.h */ = {isa = PBXFileReference; lastKnownFileType = sourcecode.c.h; path = ViewController.h; sourceTree = "<group>"; };
		18F5EA721D40A6E700D134FD /* ViewController.m */ = {isa = PBXFileReference; lastKnownFileType = sourcecode.c.objc; path = ViewController.m; sourceTree = "<group>"; };
		18F5EA751D40A6E700D134FD /* Base */ = {isa = PBXFileReference; lastKnownFileType = file.storyboard; name = Base; path = Base.lproj/Main.storyboard; sourceTree = "<group>"; };
		18F5EA771D40A6E700D134FD /* Assets.xcassets */ = {isa = PBXFileReference; lastKnownFileType = folder.assetcatalog; path = Assets.xcassets; sourceTree = "<group>"; };
		18F5EA7A1D40A6E700D134FD /* Base */ = {isa = PBXFileReference; lastKnownFileType = file.storyboard; name = Base; path = Base.lproj/LaunchScreen.storyboard; sourceTree = "<group>"; };
		18F5EA7C1D40A6E700D134FD /* Info.plist */ = {isa = PBXFileReference; lastKnownFileType = text.plist.xml; path = Info.plist; sourceTree = "<group>"; };
		18F5EA811D40A6E700D134FD /* PayPasswordTests.xctest */ = {isa = PBXFileReference; explicitFileType = wrapper.cfbundle; includeInIndex = 0; path = PayPasswordTests.xctest; sourceTree = BUILT_PRODUCTS_DIR; };
		18F5EA851D40A6E700D134FD /* PayPasswordTests.m */ = {isa = PBXFileReference; lastKnownFileType = sourcecode.c.objc; path = PayPasswordTests.m; sourceTree = "<group>"; };
		18F5EA871D40A6E700D134FD /* Info.plist */ = {isa = PBXFileReference; lastKnownFileType = text.plist.xml; path = Info.plist; sourceTree = "<group>"; };
		18F5EA8C1D40A6E700D134FD /* PayPasswordUITests.xctest */ = {isa = PBXFileReference; explicitFileType = wrapper.cfbundle; includeInIndex = 0; path = PayPasswordUITests.xctest; sourceTree = BUILT_PRODUCTS_DIR; };
		18F5EA901D40A6E700D134FD /* PayPasswordUITests.m */ = {isa = PBXFileReference; lastKnownFileType = sourcecode.c.objc; path = PayPasswordUITests.m; sourceTree = "<group>"; };
		18F5EA921D40A6E700D134FD /* Info.plist */ = {isa = PBXFileReference; lastKnownFileType = text.plist.xml; path = Info.plist; sourceTree = "<group>"; };
		18F5EA9F1D40A70000D134FD /* GalenPasswordView.h */ = {isa = PBXFileReference; fileEncoding = 4; lastKnownFileType = sourcecode.c.h; path = GalenPasswordView.h; sourceTree = "<group>"; };
		18F5EAA01D40A70000D134FD /* GalenPasswordView.m */ = {isa = PBXFileReference; fileEncoding = 4; lastKnownFileType = sourcecode.c.objc; path = GalenPasswordView.m; sourceTree = "<group>"; };
		18F5EAA11D40A70000D134FD /* GalenPayPasswordView.h */ = {isa = PBXFileReference; fileEncoding = 4; lastKnownFileType = sourcecode.c.h; path = GalenPayPasswordView.h; sourceTree = "<group>"; };
		18F5EAA21D40A70000D134FD /* GalenPayPasswordView.m */ = {isa = PBXFileReference; fileEncoding = 4; lastKnownFileType = sourcecode.c.objc; path = GalenPayPasswordView.m; sourceTree = "<group>"; };
		18F5EAA31D40A70000D134FD /* GalneProgressView.h */ = {isa = PBXFileReference; fileEncoding = 4; lastKnownFileType = sourcecode.c.h; path = GalneProgressView.h; sourceTree = "<group>"; };
		18F5EAA41D40A70000D134FD /* GalneProgressView.m */ = {isa = PBXFileReference; fileEncoding = 4; lastKnownFileType = sourcecode.c.objc; path = GalneProgressView.m; sourceTree = "<group>"; };
		18F5EAA51D40A70000D134FD /* trade.bundle */ = {isa = PBXFileReference; lastKnownFileType = "wrapper.plug-in"; path = trade.bundle; sourceTree = "<group>"; };
		D29707BD1DEEA2FB004FE313 /* show.gif */ = {isa = PBXFileReference; lastKnownFileType = image.gif; path = show.gif; sourceTree = "<group>"; };
/* End PBXFileReference section */

/* Begin PBXFrameworksBuildPhase section */
		18F5EA651D40A6E700D134FD /* Frameworks */ = {
			isa = PBXFrameworksBuildPhase;
			buildActionMask = 2147483647;
			files = (
			);
			runOnlyForDeploymentPostprocessing = 0;
		};
		18F5EA7E1D40A6E700D134FD /* Frameworks */ = {
			isa = PBXFrameworksBuildPhase;
			buildActionMask = 2147483647;
			files = (
			);
			runOnlyForDeploymentPostprocessing = 0;
		};
		18F5EA891D40A6E700D134FD /* Frameworks */ = {
			isa = PBXFrameworksBuildPhase;
			buildActionMask = 2147483647;
			files = (
			);
			runOnlyForDeploymentPostprocessing = 0;
		};
/* End PBXFrameworksBuildPhase section */

/* Begin PBXGroup section */
		18F5EA5F1D40A6E700D134FD = {
			isa = PBXGroup;
			children = (
				18F5EA6A1D40A6E700D134FD /* PayPassword */,
				18F5EA841D40A6E700D134FD /* PayPasswordTests */,
				18F5EA8F1D40A6E700D134FD /* PayPasswordUITests */,
				18F5EA691D40A6E700D134FD /* Products */,
				D29707BD1DEEA2FB004FE313 /* show.gif */,
			);
			sourceTree = "<group>";
		};
		18F5EA691D40A6E700D134FD /* Products */ = {
			isa = PBXGroup;
			children = (
				18F5EA681D40A6E700D134FD /* PayPassword.app */,
				18F5EA811D40A6E700D134FD /* PayPasswordTests.xctest */,
				18F5EA8C1D40A6E700D134FD /* PayPasswordUITests.xctest */,
			);
			name = Products;
			sourceTree = "<group>";
		};
		18F5EA6A1D40A6E700D134FD /* PayPassword */ = {
			isa = PBXGroup;
			children = (
				18F5EA9E1D40A70000D134FD /* GalenPasswordView */,
				18F5EA6E1D40A6E700D134FD /* AppDelegate.h */,
				18F5EA6F1D40A6E700D134FD /* AppDelegate.m */,
				18F5EA711D40A6E700D134FD /* ViewController.h */,
				18F5EA721D40A6E700D134FD /* ViewController.m */,
				18F5EA741D40A6E700D134FD /* Main.storyboard */,
				18F5EA771D40A6E700D134FD /* Assets.xcassets */,
				18F5EA791D40A6E700D134FD /* LaunchScreen.storyboard */,
				18F5EA7C1D40A6E700D134FD /* Info.plist */,
				18F5EA6B1D40A6E700D134FD /* Supporting Files */,
			);
			path = PayPassword;
			sourceTree = "<group>";
		};
		18F5EA6B1D40A6E700D134FD /* Supporting Files */ = {
			isa = PBXGroup;
			children = (
				18F5EA6C1D40A6E700D134FD /* main.m */,
			);
			name = "Supporting Files";
			sourceTree = "<group>";
		};
		18F5EA841D40A6E700D134FD /* PayPasswordTests */ = {
			isa = PBXGroup;
			children = (
				18F5EA851D40A6E700D134FD /* PayPasswordTests.m */,
				18F5EA871D40A6E700D134FD /* Info.plist */,
			);
			path = PayPasswordTests;
			sourceTree = "<group>";
		};
		18F5EA8F1D40A6E700D134FD /* PayPasswordUITests */ = {
			isa = PBXGroup;
			children = (
				18F5EA901D40A6E700D134FD /* PayPasswordUITests.m */,
				18F5EA921D40A6E700D134FD /* Info.plist */,
			);
			path = PayPasswordUITests;
			sourceTree = "<group>";
		};
		18F5EA9E1D40A70000D134FD /* GalenPasswordView */ = {
			isa = PBXGroup;
			children = (
				18F5EA9F1D40A70000D134FD /* GalenPasswordView.h */,
				18F5EAA01D40A70000D134FD /* GalenPasswordView.m */,
				18F5EAA11D40A70000D134FD /* GalenPayPasswordView.h */,
				18F5EAA21D40A70000D134FD /* GalenPayPasswordView.m */,
				18F5EAA31D40A70000D134FD /* GalneProgressView.h */,
				18F5EAA41D40A70000D134FD /* GalneProgressView.m */,
				18F5EAA51D40A70000D134FD /* trade.bundle */,
			);
			path = GalenPasswordView;
			sourceTree = "<group>";
		};
/* End PBXGroup section */

/* Begin PBXNativeTarget section */
		18F5EA671D40A6E700D134FD /* PayPassword */ = {
			isa = PBXNativeTarget;
			buildConfigurationList = 18F5EA951D40A6E700D134FD /* Build configuration list for PBXNativeTarget "PayPassword" */;
			buildPhases = (
				18F5EA641D40A6E700D134FD /* Sources */,
				18F5EA651D40A6E700D134FD /* Frameworks */,
				18F5EA661D40A6E700D134FD /* Resources */,
			);
			buildRules = (
			);
			dependencies = (
			);
			name = PayPassword;
			productName = PayPassword;
			productReference = 18F5EA681D40A6E700D134FD /* PayPassword.app */;
			productType = "com.apple.product-type.application";
		};
		18F5EA801D40A6E700D134FD /* PayPasswordTests */ = {
			isa = PBXNativeTarget;
			buildConfigurationList = 18F5EA981D40A6E700D134FD /* Build configuration list for PBXNativeTarget "PayPasswordTests" */;
			buildPhases = (
				18F5EA7D1D40A6E700D134FD /* Sources */,
				18F5EA7E1D40A6E700D134FD /* Frameworks */,
				18F5EA7F1D40A6E700D134FD /* Resources */,
			);
			buildRules = (
			);
			dependencies = (
				18F5EA831D40A6E700D134FD /* PBXTargetDependency */,
			);
			name = PayPasswordTests;
			productName = PayPasswordTests;
			productReference = 18F5EA811D40A6E700D134FD /* PayPasswordTests.xctest */;
			productType = "com.apple.product-type.bundle.unit-test";
		};
		18F5EA8B1D40A6E700D134FD /* PayPasswordUITests */ = {
			isa = PBXNativeTarget;
			buildConfigurationList = 18F5EA9B1D40A6E700D134FD /* Build configuration list for PBXNativeTarget "PayPasswordUITests" */;
			buildPhases = (
				18F5EA881D40A6E700D134FD /* Sources */,
				18F5EA891D40A6E700D134FD /* Frameworks */,
				18F5EA8A1D40A6E700D134FD /* Resources */,
			);
			buildRules = (
			);
			dependencies = (
				18F5EA8E1D40A6E700D134FD /* PBXTargetDependency */,
			);
			name = PayPasswordUITests;
			productName = PayPasswordUITests;
			productReference = 18F5EA8C1D40A6E700D134FD /* PayPasswordUITests.xctest */;
			productType = "com.apple.product-type.bundle.ui-testing";
		};
/* End PBXNativeTarget section */

/* Begin PBXProject section */
		18F5EA601D40A6E700D134FD /* Project object */ = {
			isa = PBXProject;
			attributes = {
				LastUpgradeCheck = 0810;
				ORGANIZATIONNAME = apple;
				TargetAttributes = {
					18F5EA671D40A6E700D134FD = {
						CreatedOnToolsVersion = 7.3.1;
					};
					18F5EA801D40A6E700D134FD = {
						CreatedOnToolsVersion = 7.3.1;
						TestTargetID = 18F5EA671D40A6E700D134FD;
					};
					18F5EA8B1D40A6E700D134FD = {
						CreatedOnToolsVersion = 7.3.1;
						TestTargetID = 18F5EA671D40A6E700D134FD;
					};
				};
			};
			buildConfigurationList = 18F5EA631D40A6E700D134FD /* Build configuration list for PBXProject "PayPassword" */;
			compatibilityVersion = "Xcode 3.2";
			developmentRegion = English;
			hasScannedForEncodings = 0;
			knownRegions = (
				en,
				Base,
			);
			mainGroup = 18F5EA5F1D40A6E700D134FD;
			productRefGroup = 18F5EA691D40A6E700D134FD /* Products */;
			projectDirPath = "";
			projectRoot = "";
			targets = (
				18F5EA671D40A6E700D134FD /* PayPassword */,
				18F5EA801D40A6E700D134FD /* PayPasswordTests */,
				18F5EA8B1D40A6E700D134FD /* PayPasswordUITests */,
			);
		};
/* End PBXProject section */

/* Begin PBXResourcesBuildPhase section */
		18F5EA661D40A6E700D134FD /* Resources */ = {
			isa = PBXResourcesBuildPhase;
			buildActionMask = 2147483647;
			files = (
				18F5EAA91D40A70000D134FD /* trade.bundle in Resources */,
				18F5EA7B1D40A6E700D134FD /* LaunchScreen.storyboard in Resources */,
				D29707BE1DEEA2FB004FE313 /* show.gif in Resources */,
				18F5EA781D40A6E700D134FD /* Assets.xcassets in Resources */,
				18F5EA761D40A6E700D134FD /* Main.storyboard in Resources */,
			);
			runOnlyForDeploymentPostprocessing = 0;
		};
		18F5EA7F1D40A6E700D134FD /* Resources */ = {
			isa = PBXResourcesBuildPhase;
			buildActionMask = 2147483647;
			files = (
			);
			runOnlyForDeploymentPostprocessing = 0;
		};
		18F5EA8A1D40A6E700D134FD /* Resources */ = {
			isa = PBXResourcesBuildPhase;
			buildActionMask = 2147483647;
			files = (
			);
			runOnlyForDeploymentPostprocessing = 0;
		};
/* End PBXResourcesBuildPhase section */

/* Begin PBXSourcesBuildPhase section */
		18F5EA641D40A6E700D134FD /* Sources */ = {
			isa = PBXSourcesBuildPhase;
			buildActionMask = 2147483647;
			files = (
				18F5EA731D40A6E700D134FD /* ViewController.m in Sources */,
				18F5EA701D40A6E700D134FD /* AppDelegate.m in Sources */,
				18F5EA6D1D40A6E700D134FD /* main.m in Sources */,
				18F5EAA81D40A70000D134FD /* GalneProgressView.m in Sources */,
				18F5EAA61D40A70000D134FD /* GalenPasswordView.m in Sources */,
				18F5EAA71D40A70000D134FD /* GalenPayPasswordView.m in Sources */,
			);
			runOnlyForDeploymentPostprocessing = 0;
		};
		18F5EA7D1D40A6E700D134FD /* Sources */ = {
			isa = PBXSourcesBuildPhase;
			buildActionMask = 2147483647;
			files = (
				18F5EA861D40A6E700D134FD /* PayPasswordTests.m in Sources */,
			);
			runOnlyForDeploymentPostprocessing = 0;
		};
		18F5EA881D40A6E700D134FD /* Sources */ = {
			isa = PBXSourcesBuildPhase;
			buildActionMask = 2147483647;
			files = (
				18F5EA911D40A6E700D134FD /* PayPasswordUITests.m in Sources */,
			);
			runOnlyForDeploymentPostprocessing = 0;
		};
/* End PBXSourcesBuildPhase section */

/* Begin PBXTargetDependency section */
		18F5EA831D40A6E700D134FD /* PBXTargetDependency */ = {
			isa = PBXTargetDependency;
			target = 18F5EA671D40A6E700D134FD /* PayPassword */;
			targetProxy = 18F5EA821D40A6E700D134FD /* PBXContainerItemProxy */;
		};
		18F5EA8E1D40A6E700D134FD /* PBXTargetDependency */ = {
			isa = PBXTargetDependency;
			target = 18F5EA671D40A6E700D134FD /* PayPassword */;
			targetProxy = 18F5EA8D1D40A6E700D134FD /* PBXContainerItemProxy */;
		};
/* End PBXTargetDependency section */

/* Begin PBXVariantGroup section */
		18F5EA741D40A6E700D134FD /* Main.storyboard */ = {
			isa = PBXVariantGroup;
			children = (
				18F5EA751D40A6E700D134FD /* Base */,
			);
			name = Main.storyboard;
			sourceTree = "<group>";
		};
		18F5EA791D40A6E700D134FD /* LaunchScreen.storyboard */ = {
			isa = PBXVariantGroup;
			children = (
				18F5EA7A1D40A6E700D134FD /* Base */,
			);
			name = LaunchScreen.storyboard;
			sourceTree = "<group>";
		};
/* End PBXVariantGroup section */

/* Begin XCBuildConfiguration section */
		18F5EA931D40A6E700D134FD /* Debug */ = {
			isa = XCBuildConfiguration;
			buildSettings = {
				ALWAYS_SEARCH_USER_PATHS = NO;
				CLANG_ANALYZER_NONNULL = YES;
				CLANG_CXX_LANGUAGE_STANDARD = "gnu++0x";
				CLANG_CXX_LIBRARY = "libc++";
				CLANG_ENABLE_MODULES = YES;
				CLANG_ENABLE_OBJC_ARC = YES;
				CLANG_WARN_BOOL_CONVERSION = YES;
				CLANG_WARN_CONSTANT_CONVERSION = YES;
				CLANG_WARN_DIRECT_OBJC_ISA_USAGE = YES_ERROR;
				CLANG_WARN_EMPTY_BODY = YES;
				CLANG_WARN_ENUM_CONVERSION = YES;
				CLANG_WARN_INFINITE_RECURSION = YES;
				CLANG_WARN_INT_CONVERSION = YES;
				CLANG_WARN_OBJC_ROOT_CLASS = YES_ERROR;
				CLANG_WARN_SUSPICIOUS_MOVE = YES;
				CLANG_WARN_UNREACHABLE_CODE = YES;
				CLANG_WARN__DUPLICATE_METHOD_MATCH = YES;
				"CODE_SIGN_IDENTITY[sdk=iphoneos*]" = "iPhone Developer";
				COPY_PHASE_STRIP = NO;
				DEBUG_INFORMATION_FORMAT = dwarf;
				ENABLE_STRICT_OBJC_MSGSEND = YES;
				ENABLE_TESTABILITY = YES;
				GCC_C_LANGUAGE_STANDARD = gnu99;
				GCC_DYNAMIC_NO_PIC = NO;
				GCC_NO_COMMON_BLOCKS = YES;
				GCC_OPTIMIZATION_LEVEL = 0;
				GCC_PREPROCESSOR_DEFINITIONS = (
					"DEBUG=1",
					"$(inherited)",
				);
				GCC_WARN_64_TO_32_BIT_CONVERSION = YES;
				GCC_WARN_ABOUT_RETURN_TYPE = YES_ERROR;
				GCC_WARN_UNDECLARED_SELECTOR = YES;
				GCC_WARN_UNINITIALIZED_AUTOS = YES_AGGRESSIVE;
				GCC_WARN_UNUSED_FUNCTION = YES;
				GCC_WARN_UNUSED_VARIABLE = YES;
				IPHONEOS_DEPLOYMENT_TARGET = 9.3;
				MTL_ENABLE_DEBUG_INFO = YES;
				ONLY_ACTIVE_ARCH = YES;
				SDKROOT = iphoneos;
				TARGETED_DEVICE_FAMILY = "1,2";
			};
			name = Debug;
		};
		18F5EA941D40A6E700D134FD /* Release */ = {
			isa = XCBuildConfiguration;
			buildSettings = {
				ALWAYS_SEARCH_USER_PATHS = NO;
				CLANG_ANALYZER_NONNULL = YES;
				CLANG_CXX_LANGUAGE_STANDARD = "gnu++0x";
				CLANG_CXX_LIBRARY = "libc++";
				CLANG_ENABLE_MODULES = YES;
				CLANG_ENABLE_OBJC_ARC = YES;
				CLANG_WARN_BOOL_CONVERSION = YES;
				CLANG_WARN_CONSTANT_CONVERSION = YES;
				CLANG_WARN_DIRECT_OBJC_ISA_USAGE = YES_ERROR;
				CLANG_WARN_EMPTY_BODY = YES;
				CLANG_WARN_ENUM_CONVERSION = YES;
				CLANG_WARN_INFINITE_RECURSION = YES;
				CLANG_WARN_INT_CONVERSION = YES;
				CLANG_WARN_OBJC_ROOT_CLASS = YES_ERROR;
				CLANG_WARN_SUSPICIOUS_MOVE = YES;
				CLANG_WARN_UNREACHABLE_CODE = YES;
				CLANG_WARN__DUPLICATE_METHOD_MATCH = YES;
				"CODE_SIGN_IDENTITY[sdk=iphoneos*]" = "iPhone Developer";
				COPY_PHASE_STRIP = NO;
				DEBUG_INFORMATION_FORMAT = "dwarf-with-dsym";
				ENABLE_NS_ASSERTIONS = NO;
				ENABLE_STRICT_OBJC_MSGSEND = YES;
				GCC_C_LANGUAGE_STANDARD = gnu99;
				GCC_NO_COMMON_BLOCKS = YES;
				GCC_WARN_64_TO_32_BIT_CONVERSION = YES;
				GCC_WARN_ABOUT_RETURN_TYPE = YES_ERROR;
				GCC_WARN_UNDECLARED_SELECTOR = YES;
				GCC_WARN_UNINITIALIZED_AUTOS = YES_AGGRESSIVE;
				GCC_WARN_UNUSED_FUNCTION = YES;
				GCC_WARN_UNUSED_VARIABLE = YES;
				IPHONEOS_DEPLOYMENT_TARGET = 9.3;
				MTL_ENABLE_DEBUG_INFO = NO;
				SDKROOT = iphoneos;
				TARGETED_DEVICE_FAMILY = "1,2";
				VALIDATE_PRODUCT = YES;
			};
			name = Release;
		};
		18F5EA961D40A6E700D134FD /* Debug */ = {
			isa = XCBuildConfiguration;
			buildSettings = {
				ASSETCATALOG_COMPILER_APPICON_NAME = AppIcon;
				INFOPLIST_FILE = PayPassword/Info.plist;
				IPHONEOS_DEPLOYMENT_TARGET = 8.0;
				LD_RUNPATH_SEARCH_PATHS = "$(inherited) @executable_path/Frameworks";
				PRODUCT_BUNDLE_IDENTIFIER = com.smart.im.pay;
				PRODUCT_NAME = "$(TARGET_NAME)";
			};
			name = Debug;
		};
		18F5EA971D40A6E700D134FD /* Release */ = {
			isa = XCBuildConfiguration;
			buildSettings = {
				ASSETCATALOG_COMPILER_APPICON_NAME = AppIcon;
				INFOPLIST_FILE = PayPassword/Info.plist;
				IPHONEOS_DEPLOYMENT_TARGET = 8.0;
				LD_RUNPATH_SEARCH_PATHS = "$(inherited) @executable_path/Frameworks";
				PRODUCT_BUNDLE_IDENTIFIER = com.smart.im.pay;
				PRODUCT_NAME = "$(TARGET_NAME)";
			};
			name = Release;
		};
		18F5EA991D40A6E700D134FD /* Debug */ = {
			isa = XCBuildConfiguration;
			buildSettings = {
				BUNDLE_LOADER = "$(TEST_HOST)";
				INFOPLIST_FILE = PayPasswordTests/Info.plist;
				LD_RUNPATH_SEARCH_PATHS = "$(inherited) @executable_path/Frameworks @loader_path/Frameworks";
				PRODUCT_BUNDLE_IDENTIFIER = com.hnair.www.PayPasswordTests;
				PRODUCT_NAME = "$(TARGET_NAME)";
				TEST_HOST = "$(BUILT_PRODUCTS_DIR)/PayPassword.app/PayPassword";
			};
			name = Debug;
		};
		18F5EA9A1D40A6E700D134FD /* Release */ = {
			isa = XCBuildConfiguration;
			buildSettings = {
				BUNDLE_LOADER = "$(TEST_HOST)";
				INFOPLIST_FILE = PayPasswordTests/Info.plist;
				LD_RUNPATH_SEARCH_PATHS = "$(inherited) @executable_path/Frameworks @loader_path/Frameworks";
				PRODUCT_BUNDLE_IDENTIFIER = com.hnair.www.PayPasswordTests;
				PRODUCT_NAME = "$(TARGET_NAME)";
				TEST_HOST = "$(BUILT_PRODUCTS_DIR)/PayPassword.app/PayPassword";
			};
			name = Release;
		};
		18F5EA9C1D40A6E700D134FD /* Debug */ = {
			isa = XCBuildConfiguration;
			buildSettings = {
				INFOPLIST_FILE = PayPasswordUITests/Info.plist;
				LD_RUNPATH_SEARCH_PATHS = "$(inherited) @executable_path/Frameworks @loader_path/Frameworks";
				PRODUCT_BUNDLE_IDENTIFIER = com.hnair.www.PayPasswordUITests;
				PRODUCT_NAME = "$(TARGET_NAME)";
				TEST_TARGET_NAME = PayPassword;
			};
			name = Debug;
		};
		18F5EA9D1D40A6E700D134FD /* Release */ = {
			isa = XCBuildConfiguration;
			buildSettings = {
				INFOPLIST_FILE = PayPasswordUITests/Info.plist;
				LD_RUNPATH_SEARCH_PATHS = "$(inherited) @executable_path/Frameworks @loader_path/Frameworks";
				PRODUCT_BUNDLE_IDENTIFIER = com.hnair.www.PayPasswordUITests;
				PRODUCT_NAME = "$(TARGET_NAME)";
				TEST_TARGET_NAME = PayPassword;
			};
			name = Release;
		};
/* End XCBuildConfiguration section */

/* Begin XCConfigurationList section */
		18F5EA631D40A6E700D134FD /* Build configuration list for PBXProject "PayPassword" */ = {
			isa = XCConfigurationList;
			buildConfigurations = (
				18F5EA931D40A6E700D134FD /* Debug */,
				18F5EA941D40A6E700D134FD /* Release */,
			);
			defaultConfigurationIsVisible = 0;
			defaultConfigurationName = Release;
		};
		18F5EA951D40A6E700D134FD /* Build configuration list for PBXNativeTarget "PayPassword" */ = {
			isa = XCConfigurationList;
			buildConfigurations = (
				18F5EA961D40A6E700D134FD /* Debug */,
				18F5EA971D40A6E700D134FD /* Release */,
			);
			defaultConfigurationIsVisible = 0;
			defaultConfigurationName = Release;
		};
		18F5EA981D40A6E700D134FD /* Build configuration list for PBXNativeTarget "PayPasswordTests" */ = {
			isa = XCConfigurationList;
			buildConfigurations = (
				18F5EA991D40A6E700D134FD /* Debug */,
				18F5EA9A1D40A6E700D134FD /* Release */,
			);
			defaultConfigurationIsVisible = 0;
			defaultConfigurationName = Release;
		};
		18F5EA9B1D40A6E700D134FD /* Build configuration list for PBXNativeTarget "PayPasswordUITests" */ = {
			isa = XCConfigurationList;
			buildConfigurations = (
				18F5EA9C1D40A6E700D134FD /* Debug */,
				18F5EA9D1D40A6E700D134FD /* Release */,
			);
			defaultConfigurationIsVisible = 0;
			defaultConfigurationName = Release;
		};
/* End XCConfigurationList section */
	};
	rootObject = 18F5EA601D40A6E700D134FD /* Project object */;
}
